PODS:
  - youtube-ios-player-helper (1.0.4)

DEPENDENCIES:
  - youtube-ios-player-helper

SPEC REPOS:
  trunk:
    - youtube-ios-player-helper

SPEC CHECKSUMS:
  youtube-ios-player-helper: e9b97535e816db3152179d84d999bc1807ecd689

PODFILE CHECKSUM: 2ec33f04eca4fe8a49559d495d01a78547131c03

COCOAPODS: 1.11.2
